
Microsoft Visual Studio Solution File, Format Version 12.00
# Visual Studio Version 17
VisualStudioVersion = 17.5.002.0
MinimumVisualStudioVersion = 10.0.40219.1
Project("{9A19103F-16F7-4668-BE54-9A1E7A4F7556}") = "HeatProductionOptimizer", "HeatProductionOptimizer\HeatProductionOptimizer.csproj", "{E7737088-8E00-4434-9D74-80EB8541192B}"
EndProject
Project("{9A19103F-16F7-4668-BE54-9A1E7A4F7556}") = "HeatProductionOptimizer.Tests", "HeatProductionOptimizer.Tests\HeatProductionOptimizer.Tests.csproj", "{32D6054E-D890-4E03-9F1C-017CDBF591FB}"
EndProject
Global
	GlobalSection(SolutionConfigurationPlatforms) = preSolution
		Debug|Any CPU = Debug|Any CPU
		Release|Any CPU = Release|Any CPU
	EndGlobalSection
	GlobalSection(ProjectConfigurationPlatforms) = postSolution
		{E7737088-8E00-4434-9D74-80EB8541192B}.Debug|Any CPU.ActiveCfg = Debug|Any CPU
		{E7737088-8E00-4434-9D74-80EB8541192B}.Debug|Any CPU.Build.0 = Debug|Any CPU
		{E7737088-8E00-4434-9D74-80EB8541192B}.Release|Any CPU.ActiveCfg = Release|Any CPU
		{E7737088-8E00-4434-9D74-80EB8541192B}.Release|Any CPU.Build.0 = Release|Any CPU
		{32D6054E-D890-4E03-9F1C-017CDBF591FB}.Debug|Any CPU.ActiveCfg = Debug|Any CPU
		{32D6054E-D890-4E03-9F1C-017CDBF591FB}.Debug|Any CPU.Build.0 = Debug|Any CPU
		{32D6054E-D890-4E03-9F1C-017CDBF591FB}.Release|Any CPU.ActiveCfg = Release|Any CPU
		{32D6054E-D890-4E03-9F1C-017CDBF591FB}.Release|Any CPU.Build.0 = Release|Any CPU
	EndGlobalSection
	GlobalSection(SolutionProperties) = preSolution
		HideSolutionNode = FALSE
	EndGlobalSection
	GlobalSection(ExtensibilityGlobals) = postSolution
		SolutionGuid = {C579CC52-3046-4F5A-9155-4EE9D94B89DC}
	EndGlobalSection
EndGlobal
